{
  "name": "teste-target",
  "version": "1.0.0",
  "lockfileVersion": 3,
  "requires": true,
  "packages": {
    "": {
      "name": "teste-target",
      "version": "1.0.0",
      "license": "ISC",
      "dependencies": {
        "teste-target": "file:"
      }
    },
    "node_modules/teste-target": {
      "resolved": "",
      "link": true
    }
  }
}
